
Microsoft Visual Studio Solution File, Format Version 12.00
# Visual Studio Version 17
VisualStudioVersion = 17.9.34723.18
MinimumVisualStudioVersion = 10.0.40219.1
Project("{8BC9CEB8-8B4A-11D0-8D11-00A0C91BC942}") = "modul_22_1", "modul_22_1\modul_22_1.vcxproj", "{422E2B68-85D1-400E-959F-55C34143BCF4}"
EndProject
Global
	GlobalSection(SolutionConfigurationPlatforms) = preSolution
		Debug|x64 = Debug|x64
		Debug|x86 = Debug|x86
		Release|x64 = Release|x64
		Release|x86 = Release|x86
	EndGlobalSection
	GlobalSection(ProjectConfigurationPlatforms) = postSolution
		{422E2B68-85D1-400E-959F-55C34143BCF4}.Debug|x64.ActiveCfg = Debug|x64
		{422E2B68-85D1-400E-959F-55C34143BCF4}.Debug|x64.Build.0 = Debug|x64
		{422E2B68-85D1-400E-959F-55C34143BCF4}.Debug|x86.ActiveCfg = Debug|Win32
		{422E2B68-85D1-400E-959F-55C34143BCF4}.Debug|x86.Build.0 = Debug|Win32
		{422E2B68-85D1-400E-959F-55C34143BCF4}.Release|x64.ActiveCfg = Release|x64
		{422E2B68-85D1-400E-959F-55C34143BCF4}.Release|x64.Build.0 = Release|x64
		{422E2B68-85D1-400E-959F-55C34143BCF4}.Release|x86.ActiveCfg = Release|Win32
		{422E2B68-85D1-400E-959F-55C34143BCF4}.Release|x86.Build.0 = Release|Win32
	EndGlobalSection
	GlobalSection(SolutionProperties) = preSolution
		HideSolutionNode = FALSE
	EndGlobalSection
	GlobalSection(ExtensibilityGlobals) = postSolution
		SolutionGuid = {F6602B52-4308-4FEE-A0E4-705881FDC12A}
	EndGlobalSection
EndGlobal
